
Microsoft Visual Studio Solution File, Format Version 12.00
# Visual Studio 14
VisualStudioVersion = 14.0.25420.1
MinimumVisualStudioVersion = 10.0.40219.1
Project("{FAE04EC0-301F-11D3-BF4B-00C04F79EFBC}") = "Mastermind", "Mastermind\Mastermind.csproj", "{51BB88FE-7C55-41BC-BEFC-799E73728B46}"
EndProject
Project("{FAE04EC0-301F-11D3-BF4B-00C04F79EFBC}") = "Mastermind.Tests", "Mastermind.Tests\Mastermind.Tests.csproj", "{66CFB0B8-66CE-46AB-A643-F7B4A7712E09}"
EndProject
Project("{FAE04EC0-301F-11D3-BF4B-00C04F79EFBC}") = "Mastermind.Console", "Mastermind.Console\Mastermind.Console.csproj", "{C8811DC7-A30F-4283-B86C-9CCB6C3C8AA1}"
EndProject
Global
	GlobalSection(SolutionConfigurationPlatforms) = preSolution
		Debug|Any CPU = Debug|Any CPU
		Release|Any CPU = Release|Any CPU
	EndGlobalSection
	GlobalSection(ProjectConfigurationPlatforms) = postSolution
		{51BB88FE-7C55-41BC-BEFC-799E73728B46}.Debug|Any CPU.ActiveCfg = Debug|Any CPU
		{51BB88FE-7C55-41BC-BEFC-799E73728B46}.Debug|Any CPU.Build.0 = Debug|Any CPU
		{51BB88FE-7C55-41BC-BEFC-799E73728B46}.Release|Any CPU.ActiveCfg = Release|Any CPU
		{51BB88FE-7C55-41BC-BEFC-799E73728B46}.Release|Any CPU.Build.0 = Release|Any CPU
		{66CFB0B8-66CE-46AB-A643-F7B4A7712E09}.Debug|Any CPU.ActiveCfg = Debug|Any CPU
		{66CFB0B8-66CE-46AB-A643-F7B4A7712E09}.Debug|Any CPU.Build.0 = Debug|Any CPU
		{66CFB0B8-66CE-46AB-A643-F7B4A7712E09}.Release|Any CPU.ActiveCfg = Release|Any CPU
		{66CFB0B8-66CE-46AB-A643-F7B4A7712E09}.Release|Any CPU.Build.0 = Release|Any CPU
		{C8811DC7-A30F-4283-B86C-9CCB6C3C8AA1}.Debug|Any CPU.ActiveCfg = Debug|Any CPU
		{C8811DC7-A30F-4283-B86C-9CCB6C3C8AA1}.Debug|Any CPU.Build.0 = Debug|Any CPU
		{C8811DC7-A30F-4283-B86C-9CCB6C3C8AA1}.Release|Any CPU.ActiveCfg = Release|Any CPU
		{C8811DC7-A30F-4283-B86C-9CCB6C3C8AA1}.Release|Any CPU.Build.0 = Release|Any CPU
	EndGlobalSection
	GlobalSection(SolutionProperties) = preSolution
		HideSolutionNode = FALSE
	EndGlobalSection
EndGlobal
